
Microsoft Visual Studio Solution File, Format Version 12.00
# Visual Studio 15
VisualStudioVersion = 15.0.28307.902
MinimumVisualStudioVersion = 10.0.40219.1
Project("{FAE04EC0-301F-11D3-BF4B-00C04F79EFBC}") = "ModelProject", "ModelProject\ModelProject.csproj", "{8C660039-8CED-4ACA-8F64-192FB7440EDC}"
EndProject
Project("{FAE04EC0-301F-11D3-BF4B-00C04F79EFBC}") = "ViewProject", "ViewProject\ViewProject.csproj", "{DF42095A-4D61-4906-9B59-2853B4EC1B53}"
EndProject
Project("{FAE04EC0-301F-11D3-BF4B-00C04F79EFBC}") = "PersistenceProject", "PersistenceProject\PersistenceProject.csproj", "{38727B01-2943-41C5-B257-DCD513371DC0}"
EndProject
Project("{FAE04EC0-301F-11D3-BF4B-00C04F79EFBC}") = "ControllerProject", "ControllerProject\ControllerProject.csproj", "{D1D49B6B-FCE6-4BDC-8730-01858A1D759B}"
EndProject
Global
	GlobalSection(SolutionConfigurationPlatforms) = preSolution
		Debug|Any CPU = Debug|Any CPU
		Release|Any CPU = Release|Any CPU
	EndGlobalSection
	GlobalSection(ProjectConfigurationPlatforms) = postSolution
		{8C660039-8CED-4ACA-8F64-192FB7440EDC}.Debug|Any CPU.ActiveCfg = Debug|Any CPU
		{8C660039-8CED-4ACA-8F64-192FB7440EDC}.Debug|Any CPU.Build.0 = Debug|Any CPU
		{8C660039-8CED-4ACA-8F64-192FB7440EDC}.Release|Any CPU.ActiveCfg = Release|Any CPU
		{8C660039-8CED-4ACA-8F64-192FB7440EDC}.Release|Any CPU.Build.0 = Release|Any CPU
		{DF42095A-4D61-4906-9B59-2853B4EC1B53}.Debug|Any CPU.ActiveCfg = Debug|Any CPU
		{DF42095A-4D61-4906-9B59-2853B4EC1B53}.Debug|Any CPU.Build.0 = Debug|Any CPU
		{DF42095A-4D61-4906-9B59-2853B4EC1B53}.Release|Any CPU.ActiveCfg = Release|Any CPU
		{DF42095A-4D61-4906-9B59-2853B4EC1B53}.Release|Any CPU.Build.0 = Release|Any CPU
		{38727B01-2943-41C5-B257-DCD513371DC0}.Debug|Any CPU.ActiveCfg = Debug|Any CPU
		{38727B01-2943-41C5-B257-DCD513371DC0}.Debug|Any CPU.Build.0 = Debug|Any CPU
		{38727B01-2943-41C5-B257-DCD513371DC0}.Release|Any CPU.ActiveCfg = Release|Any CPU
		{38727B01-2943-41C5-B257-DCD513371DC0}.Release|Any CPU.Build.0 = Release|Any CPU
		{D1D49B6B-FCE6-4BDC-8730-01858A1D759B}.Debug|Any CPU.ActiveCfg = Debug|Any CPU
		{D1D49B6B-FCE6-4BDC-8730-01858A1D759B}.Debug|Any CPU.Build.0 = Debug|Any CPU
		{D1D49B6B-FCE6-4BDC-8730-01858A1D759B}.Release|Any CPU.ActiveCfg = Release|Any CPU
		{D1D49B6B-FCE6-4BDC-8730-01858A1D759B}.Release|Any CPU.Build.0 = Release|Any CPU
	EndGlobalSection
	GlobalSection(SolutionProperties) = preSolution
		HideSolutionNode = FALSE
	EndGlobalSection
	GlobalSection(ExtensibilityGlobals) = postSolution
		SolutionGuid = {F2C75C8B-7FE3-42B0-9876-0452540A8208}
	EndGlobalSection
EndGlobal
